
Microsoft Visual Studio Solution File, Format Version 12.00
# Visual Studio Version 16
VisualStudioVersion = 16.0.31702.278
MinimumVisualStudioVersion = 10.0.40219.1
Project("{FAE04EC0-301F-11D3-BF4B-00C04F79EFBC}") = "NumberGame", "NumberGame\NumberGame.csproj", "{77483CBB-49E7-491C-8963-62C275A499DF}"
EndProject
Global
	GlobalSection(SolutionConfigurationPlatforms) = preSolution
		Debug|Any CPU = Debug|Any CPU
		Release|Any CPU = Release|Any CPU
	EndGlobalSection
	GlobalSection(ProjectConfigurationPlatforms) = postSolution
		{77483CBB-49E7-491C-8963-62C275A499DF}.Debug|Any CPU.ActiveCfg = Debug|Any CPU
		{77483CBB-49E7-491C-8963-62C275A499DF}.Debug|Any CPU.Build.0 = Debug|Any CPU
		{77483CBB-49E7-491C-8963-62C275A499DF}.Release|Any CPU.ActiveCfg = Release|Any CPU
		{77483CBB-49E7-491C-8963-62C275A499DF}.Release|Any CPU.Build.0 = Release|Any CPU
	EndGlobalSection
	GlobalSection(SolutionProperties) = preSolution
		HideSolutionNode = FALSE
	EndGlobalSection
	GlobalSection(ExtensibilityGlobals) = postSolution
		SolutionGuid = {C4CCCD0D-E1E3-49F7-B24D-1E6BEFF0BFA0}
	EndGlobalSection
EndGlobal
